
Microsoft Visual Studio Solution File, Format Version 12.00
# Visual Studio Version 17
VisualStudioVersion = 17.0.32014.148
MinimumVisualStudioVersion = 10.0.40219.1
Project("{9A19103F-16F7-4668-BE54-9A1E7A4F7556}") = "UI", "Prauge Parking\UI.csproj", "{686F8B62-78D8-40D4-A453-2BCBA847015C}"
EndProject
Project("{9A19103F-16F7-4668-BE54-9A1E7A4F7556}") = "Core", "Core\Core.csproj", "{9040E17F-9133-415A-99AA-3E6E7E3933E3}"
EndProject
Project("{9A19103F-16F7-4668-BE54-9A1E7A4F7556}") = "DataAccess", "DataAccess\DataAccess.csproj", "{D9BE2D95-08EE-4C97-8CEB-7667A3E7FAAB}"
EndProject
Global
	GlobalSection(SolutionConfigurationPlatforms) = preSolution
		Debug|Any CPU = Debug|Any CPU
		Release|Any CPU = Release|Any CPU
	EndGlobalSection
	GlobalSection(ProjectConfigurationPlatforms) = postSolution
		{686F8B62-78D8-40D4-A453-2BCBA847015C}.Debug|Any CPU.ActiveCfg = Debug|Any CPU
		{686F8B62-78D8-40D4-A453-2BCBA847015C}.Debug|Any CPU.Build.0 = Debug|Any CPU
		{686F8B62-78D8-40D4-A453-2BCBA847015C}.Release|Any CPU.ActiveCfg = Release|Any CPU
		{686F8B62-78D8-40D4-A453-2BCBA847015C}.Release|Any CPU.Build.0 = Release|Any CPU
		{9040E17F-9133-415A-99AA-3E6E7E3933E3}.Debug|Any CPU.ActiveCfg = Debug|Any CPU
		{9040E17F-9133-415A-99AA-3E6E7E3933E3}.Debug|Any CPU.Build.0 = Debug|Any CPU
		{9040E17F-9133-415A-99AA-3E6E7E3933E3}.Release|Any CPU.ActiveCfg = Release|Any CPU
		{9040E17F-9133-415A-99AA-3E6E7E3933E3}.Release|Any CPU.Build.0 = Release|Any CPU
		{D9BE2D95-08EE-4C97-8CEB-7667A3E7FAAB}.Debug|Any CPU.ActiveCfg = Debug|Any CPU
		{D9BE2D95-08EE-4C97-8CEB-7667A3E7FAAB}.Debug|Any CPU.Build.0 = Debug|Any CPU
		{D9BE2D95-08EE-4C97-8CEB-7667A3E7FAAB}.Release|Any CPU.ActiveCfg = Release|Any CPU
		{D9BE2D95-08EE-4C97-8CEB-7667A3E7FAAB}.Release|Any CPU.Build.0 = Release|Any CPU
	EndGlobalSection
	GlobalSection(SolutionProperties) = preSolution
		HideSolutionNode = FALSE
	EndGlobalSection
	GlobalSection(ExtensibilityGlobals) = postSolution
		SolutionGuid = {5A8C9CF7-48C3-42B5-A1F4-3E35B4A5694D}
	EndGlobalSection
EndGlobal
